
Microsoft Visual Studio Solution File, Format Version 12.00
# Visual Studio Version 17
VisualStudioVersion = 17.0.31903.59
MinimumVisualStudioVersion = 10.0.40219.1
Project("{2150E333-8FDC-42A3-9474-1A3956D46DE8}") = "src", "src", "{63EA7752-4863-4B36-BF27-6E5A84325FF0}"
EndProject
Project("{FAE04EC0-301F-11D3-BF4B-00C04F79EFBC}") = "RomHost.Api", "src\RomHost.Api\RomHost.Api.csproj", "{ED7D9F10-4A71-46DE-8CC8-26A6B184A1F7}"
EndProject
Project("{FAE04EC0-301F-11D3-BF4B-00C04F79EFBC}") = "RomHost.Models", "src\RomHost.Models\RomHost.Models.csproj", "{BCF75B2F-F9E6-46D3-A965-185F143B4980}"
EndProject
Project("{FAE04EC0-301F-11D3-BF4B-00C04F79EFBC}") = "RomHost.Db", "src\RomHost.Db\RomHost.Db.csproj", "{7B86CFF8-0732-4BD4-98A4-4196B877D501}"
EndProject
Project("{FAE04EC0-301F-11D3-BF4B-00C04F79EFBC}") = "RomHost.Db.Postgresql", "src\RomHost.Db.Postgresql\RomHost.Db.Postgresql.csproj", "{F1DBC899-217E-4FA1-8400-34EF61070050}"
EndProject
Project("{FAE04EC0-301F-11D3-BF4B-00C04F79EFBC}") = "RomHost.Db.Sqlite", "src\RomHost.Db.Sqlite\RomHost.Db.Sqlite.csproj", "{9D2B0DC4-701E-4982-BCC7-276BC9C46DE8}"
EndProject
Global
	GlobalSection(SolutionConfigurationPlatforms) = preSolution
		Debug|Any CPU = Debug|Any CPU
		Release|Any CPU = Release|Any CPU
	EndGlobalSection
	GlobalSection(SolutionProperties) = preSolution
		HideSolutionNode = FALSE
	EndGlobalSection
	GlobalSection(ProjectConfigurationPlatforms) = postSolution
		{ED7D9F10-4A71-46DE-8CC8-26A6B184A1F7}.Debug|Any CPU.ActiveCfg = Debug|Any CPU
		{ED7D9F10-4A71-46DE-8CC8-26A6B184A1F7}.Debug|Any CPU.Build.0 = Debug|Any CPU
		{ED7D9F10-4A71-46DE-8CC8-26A6B184A1F7}.Release|Any CPU.ActiveCfg = Release|Any CPU
		{ED7D9F10-4A71-46DE-8CC8-26A6B184A1F7}.Release|Any CPU.Build.0 = Release|Any CPU
		{BCF75B2F-F9E6-46D3-A965-185F143B4980}.Debug|Any CPU.ActiveCfg = Debug|Any CPU
		{BCF75B2F-F9E6-46D3-A965-185F143B4980}.Debug|Any CPU.Build.0 = Debug|Any CPU
		{BCF75B2F-F9E6-46D3-A965-185F143B4980}.Release|Any CPU.ActiveCfg = Release|Any CPU
		{BCF75B2F-F9E6-46D3-A965-185F143B4980}.Release|Any CPU.Build.0 = Release|Any CPU
		{7B86CFF8-0732-4BD4-98A4-4196B877D501}.Debug|Any CPU.ActiveCfg = Debug|Any CPU
		{7B86CFF8-0732-4BD4-98A4-4196B877D501}.Debug|Any CPU.Build.0 = Debug|Any CPU
		{7B86CFF8-0732-4BD4-98A4-4196B877D501}.Release|Any CPU.ActiveCfg = Release|Any CPU
		{7B86CFF8-0732-4BD4-98A4-4196B877D501}.Release|Any CPU.Build.0 = Release|Any CPU
		{F1DBC899-217E-4FA1-8400-34EF61070050}.Debug|Any CPU.ActiveCfg = Debug|Any CPU
		{F1DBC899-217E-4FA1-8400-34EF61070050}.Debug|Any CPU.Build.0 = Debug|Any CPU
		{F1DBC899-217E-4FA1-8400-34EF61070050}.Release|Any CPU.ActiveCfg = Release|Any CPU
		{F1DBC899-217E-4FA1-8400-34EF61070050}.Release|Any CPU.Build.0 = Release|Any CPU
		{9D2B0DC4-701E-4982-BCC7-276BC9C46DE8}.Debug|Any CPU.ActiveCfg = Debug|Any CPU
		{9D2B0DC4-701E-4982-BCC7-276BC9C46DE8}.Debug|Any CPU.Build.0 = Debug|Any CPU
		{9D2B0DC4-701E-4982-BCC7-276BC9C46DE8}.Release|Any CPU.ActiveCfg = Release|Any CPU
		{9D2B0DC4-701E-4982-BCC7-276BC9C46DE8}.Release|Any CPU.Build.0 = Release|Any CPU
	EndGlobalSection
	GlobalSection(NestedProjects) = preSolution
		{ED7D9F10-4A71-46DE-8CC8-26A6B184A1F7} = {63EA7752-4863-4B36-BF27-6E5A84325FF0}
		{BCF75B2F-F9E6-46D3-A965-185F143B4980} = {63EA7752-4863-4B36-BF27-6E5A84325FF0}
		{7B86CFF8-0732-4BD4-98A4-4196B877D501} = {63EA7752-4863-4B36-BF27-6E5A84325FF0}
		{F1DBC899-217E-4FA1-8400-34EF61070050} = {63EA7752-4863-4B36-BF27-6E5A84325FF0}
		{9D2B0DC4-701E-4982-BCC7-276BC9C46DE8} = {63EA7752-4863-4B36-BF27-6E5A84325FF0}
	EndGlobalSection
EndGlobal
